
Microsoft Visual Studio Solution File, Format Version 12.00
# Visual Studio Version 17
VisualStudioVersion = 17.1.32407.343
MinimumVisualStudioVersion = 10.0.40219.1
Project("{FAE04EC0-301F-11D3-BF4B-00C04F79EFBC}") = "codewars-solutions", "codewars-solutions\codewars-solutions.csproj", "{B2E31D81-2FEC-42AF-B794-2F7215C8F497}"
EndProject
Global
	GlobalSection(SolutionConfigurationPlatforms) = preSolution
		Debug|Any CPU = Debug|Any CPU
		Release|Any CPU = Release|Any CPU
	EndGlobalSection
	GlobalSection(ProjectConfigurationPlatforms) = postSolution
		{B2E31D81-2FEC-42AF-B794-2F7215C8F497}.Debug|Any CPU.ActiveCfg = Debug|Any CPU
		{B2E31D81-2FEC-42AF-B794-2F7215C8F497}.Debug|Any CPU.Build.0 = Debug|Any CPU
		{B2E31D81-2FEC-42AF-B794-2F7215C8F497}.Release|Any CPU.ActiveCfg = Release|Any CPU
		{B2E31D81-2FEC-42AF-B794-2F7215C8F497}.Release|Any CPU.Build.0 = Release|Any CPU
	EndGlobalSection
	GlobalSection(SolutionProperties) = preSolution
		HideSolutionNode = FALSE
	EndGlobalSection
	GlobalSection(ExtensibilityGlobals) = postSolution
		SolutionGuid = {23B9ED9A-EA0F-402F-8E58-CB759377E75F}
	EndGlobalSection
EndGlobal
